
Microsoft Visual Studio Solution File, Format Version 12.00
Project("{FAE04EC0-301F-11D3-BF4B-00C04F79EFBC}") = "ProfilerWeaver", "ProfilerWeaver.csproj", "{219CF606-493E-498E-92FF-458B9B938046}"
EndProject
Global
	GlobalSection(SolutionConfigurationPlatforms) = preSolution
		Debug|Any CPU = Debug|Any CPU
		Release|Any CPU = Release|Any CPU
	EndGlobalSection
	GlobalSection(ProjectConfigurationPlatforms) = postSolution
		{219CF606-493E-498E-92FF-458B9B938046}.Debug|Any CPU.ActiveCfg = Debug|Any CPU
		{219CF606-493E-498E-92FF-458B9B938046}.Debug|Any CPU.Build.0 = Debug|Any CPU
		{219CF606-493E-498E-92FF-458B9B938046}.Release|Any CPU.ActiveCfg = Release|Any CPU
		{219CF606-493E-498E-92FF-458B9B938046}.Release|Any CPU.Build.0 = Release|Any CPU
	EndGlobalSection
EndGlobal
